
Microsoft Visual Studio Solution File, Format Version 12.00
# Visual Studio Version 17
VisualStudioVersion = 17.9.34407.89
MinimumVisualStudioVersion = 10.0.40219.1
Project("{FAE04EC0-301F-11D3-BF4B-00C04F79EFBC}") = "TurtleCommandApp", "TurtleCommandApp.csproj", "{83D43AAD-ADC7-4668-AA09-D1904496EB03}"
EndProject
Global
	GlobalSection(SolutionConfigurationPlatforms) = preSolution
		Debug|Any CPU = Debug|Any CPU
		Release|Any CPU = Release|Any CPU
	EndGlobalSection
	GlobalSection(ProjectConfigurationPlatforms) = postSolution
		{83D43AAD-ADC7-4668-AA09-D1904496EB03}.Debug|Any CPU.ActiveCfg = Debug|Any CPU
		{83D43AAD-ADC7-4668-AA09-D1904496EB03}.Debug|Any CPU.Build.0 = Debug|Any CPU
		{83D43AAD-ADC7-4668-AA09-D1904496EB03}.Release|Any CPU.ActiveCfg = Release|Any CPU
		{83D43AAD-ADC7-4668-AA09-D1904496EB03}.Release|Any CPU.Build.0 = Release|Any CPU
	EndGlobalSection
	GlobalSection(SolutionProperties) = preSolution
		HideSolutionNode = FALSE
	EndGlobalSection
	GlobalSection(ExtensibilityGlobals) = postSolution
		SolutionGuid = {C24D4BEF-76CC-4BFB-A195-FD8267AD25BD}
	EndGlobalSection
EndGlobal
